
Microsoft Visual Studio Solution File, Format Version 12.00
# Visual Studio Version 17
VisualStudioVersion = 17.4.33205.214
MinimumVisualStudioVersion = 10.0.40219.1
Project("{9A19103F-16F7-4668-BE54-9A1E7A4F7556}") = "LearningOpenTK", "LearningOpenTK\LearningOpenTK.csproj", "{DCE143CE-098C-4907-9943-B40EDDEC9A98}"
EndProject
Project("{9A19103F-16F7-4668-BE54-9A1E7A4F7556}") = "SummerPractice", "SummerPractise\SummerPractice.csproj", "{CA95A09C-8C9C-4D58-B676-9DD8F315FCFF}"
EndProject
Project("{9A19103F-16F7-4668-BE54-9A1E7A4F7556}") = "Lighting", "Lighting\Lighting.csproj", "{6F6B255E-E43B-4A76-899D-D31FF75E2546}"
EndProject
Global
	GlobalSection(SolutionConfigurationPlatforms) = preSolution
		Debug|Any CPU = Debug|Any CPU
		Release|Any CPU = Release|Any CPU
	EndGlobalSection
	GlobalSection(ProjectConfigurationPlatforms) = postSolution
		{DCE143CE-098C-4907-9943-B40EDDEC9A98}.Debug|Any CPU.ActiveCfg = Debug|Any CPU
		{DCE143CE-098C-4907-9943-B40EDDEC9A98}.Debug|Any CPU.Build.0 = Debug|Any CPU
		{DCE143CE-098C-4907-9943-B40EDDEC9A98}.Release|Any CPU.ActiveCfg = Release|Any CPU
		{DCE143CE-098C-4907-9943-B40EDDEC9A98}.Release|Any CPU.Build.0 = Release|Any CPU
		{CA95A09C-8C9C-4D58-B676-9DD8F315FCFF}.Debug|Any CPU.ActiveCfg = Debug|Any CPU
		{CA95A09C-8C9C-4D58-B676-9DD8F315FCFF}.Debug|Any CPU.Build.0 = Debug|Any CPU
		{CA95A09C-8C9C-4D58-B676-9DD8F315FCFF}.Release|Any CPU.ActiveCfg = Release|Any CPU
		{CA95A09C-8C9C-4D58-B676-9DD8F315FCFF}.Release|Any CPU.Build.0 = Release|Any CPU
		{6F6B255E-E43B-4A76-899D-D31FF75E2546}.Debug|Any CPU.ActiveCfg = Debug|Any CPU
		{6F6B255E-E43B-4A76-899D-D31FF75E2546}.Debug|Any CPU.Build.0 = Debug|Any CPU
		{6F6B255E-E43B-4A76-899D-D31FF75E2546}.Release|Any CPU.ActiveCfg = Release|Any CPU
		{6F6B255E-E43B-4A76-899D-D31FF75E2546}.Release|Any CPU.Build.0 = Release|Any CPU
	EndGlobalSection
	GlobalSection(SolutionProperties) = preSolution
		HideSolutionNode = FALSE
	EndGlobalSection
	GlobalSection(ExtensibilityGlobals) = postSolution
		SolutionGuid = {CD3C53E0-1244-40D8-8C38-860CAEA17A6A}
	EndGlobalSection
EndGlobal
